// !$*UTF8*$!
{
	archiveVersion = 1;
	classes = {
	};
	objectVersion = 55;
	objects = {

/* Begin PBXBuildFile section */
		3C7E5F7D27F2F88900B7DD03 /* AppDelegate.m in Sources */ = {isa = PBXBuildFile; fileRef = 3C7E5F7C27F2F88900B7DD03 /* AppDelegate.m */; };
		3C7E5F8027F2F88900B7DD03 /* SceneDelegate.m in Sources */ = {isa = PBXBuildFile; fileRef = 3C7E5F7F27F2F88900B7DD03 /* SceneDelegate.m */; };
		3C7E5F8327F2F88900B7DD03 /* ViewController.m in Sources */ = {isa = PBXBuildFile; fileRef = 3C7E5F8227F2F88900B7DD03 /* ViewController.m */; };
		3C7E5F8627F2F88900B7DD03 /* Main.storyboard in Resources */ = {isa = PBXBuildFile; fileRef = 3C7E5F8427F2F88900B7DD03 /* Main.storyboard */; };
		3C7E5F8827F2F88B00B7DD03 /* Assets.xcassets in Resources */ = {isa = PBXBuildFile; fileRef = 3C7E5F8727F2F88B00B7DD03 /* Assets.xcassets */; };
		3C7E5F8B27F2F88B00B7DD03 /* LaunchScreen.storyboard in Resources */ = {isa = PBXBuildFile; fileRef = 3C7E5F8927F2F88B00B7DD03 /* LaunchScreen.storyboard */; };
		3C7E5F8E27F2F88B00B7DD03 /* main.m in Sources */ = {isa = PBXBuildFile; fileRef = 3C7E5F8D27F2F88B00B7DD03 /* main.m */; };
		3C7E5F9627F2F90000B7DD03 /* QRCodeTool.m in Sources */ = {isa = PBXBuildFile; fileRef = 3C7E5F9527F2F90000B7DD03 /* QRCodeTool.m */; };
/* End PBXBuildFile section */

/* Begin PBXFileReference section */
		3C7E5F7827F2F88900B7DD03 /* CustomQRCodeSample.app */ = {isa = PBXFileReference; explicitFileType = wrapper.application; includeInIndex = 0; path = CustomQRCodeSample.app; sourceTree = BUILT_PRODUCTS_DIR; };
		3C7E5F7B27F2F88900B7DD03 /* AppDelegate.h */ = {isa = PBXFileReference; lastKnownFileType = sourcecode.c.h; path = AppDelegate.h; sourceTree = "<group>"; };
		3C7E5F7C27F2F88900B7DD03 /* AppDelegate.m */ = {isa = PBXFileReference; lastKnownFileType = sourcecode.c.objc; path = AppDelegate.m; sourceTree = "<group>"; };
		3C7E5F7E27F2F88900B7DD03 /* SceneDelegate.h */ = {isa = PBXFileReference; lastKnownFileType = sourcecode.c.h; path = SceneDelegate.h; sourceTree = "<group>"; };
		3C7E5F7F27F2F88900B7DD03 /* SceneDelegate.m */ = {isa = PBXFileReference; lastKnownFileType = sourcecode.c.objc; path = SceneDelegate.m; sourceTree = "<group>"; };
		3C7E5F8127F2F88900B7DD03 /* ViewController.h */ = {isa = PBXFileReference; lastKnownFileType = sourcecode.c.h; path = ViewController.h; sourceTree = "<group>"; };
		3C7E5F8227F2F88900B7DD03 /* ViewController.m */ = {isa = PBXFileReference; lastKnownFileType = sourcecode.c.objc; path = ViewController.m; sourceTree = "<group>"; };
		3C7E5F8527F2F88900B7DD03 /* Base */ = {isa = PBXFileReference; lastKnownFileType = file.storyboard; name = Base; path = Base.lproj/Main.storyboard; sourceTree = "<group>"; };
		3C7E5F8727F2F88B00B7DD03 /* Assets.xcassets */ = {isa = PBXFileReference; lastKnownFileType = folder.assetcatalog; path = Assets.xcassets; sourceTree = "<group>"; };
		3C7E5F8A27F2F88B00B7DD03 /* Base */ = {isa = PBXFileReference; lastKnownFileType = file.storyboard; name = Base; path = Base.lproj/LaunchScreen.storyboard; sourceTree = "<group>"; };
		3C7E5F8C27F2F88B00B7DD03 /* Info.plist */ = {isa = PBXFileReference; lastKnownFileType = text.plist.xml; path = Info.plist; sourceTree = "<group>"; };
		3C7E5F8D27F2F88B00B7DD03 /* main.m */ = {isa = PBXFileReference; lastKnownFileType = sourcecode.c.objc; path = main.m; sourceTree = "<group>"; };
		3C7E5F9427F2F90000B7DD03 /* QRCodeTool.h */ = {isa = PBXFileReference; lastKnownFileType = sourcecode.c.h; path = QRCodeTool.h; sourceTree = "<group>"; };
		3C7E5F9527F2F90000B7DD03 /* QRCodeTool.m */ = {isa = PBXFileReference; lastKnownFileType = sourcecode.c.objc; path = QRCodeTool.m; sourceTree = "<group>"; };
/* End PBXFileReference section */

/* Begin PBXFrameworksBuildPhase section */
		3C7E5F7527F2F88900B7DD03 /* Frameworks */ = {
			isa = PBXFrameworksBuildPhase;
			buildActionMask = 2147483647;
			files = (
			);
			runOnlyForDeploymentPostprocessing = 0;
		};
/* End PBXFrameworksBuildPhase section */

/* Begin PBXGroup section */
		3C7E5F6F27F2F88900B7DD03 = {
			isa = PBXGroup;
			children = (
				3C7E5F7A27F2F88900B7DD03 /* CustomQRCodeSample */,
				3C7E5F7927F2F88900B7DD03 /* Products */,
			);
			sourceTree = "<group>";
		};
		3C7E5F7927F2F88900B7DD03 /* Products */ = {
			isa = PBXGroup;
			children = (
				3C7E5F7827F2F88900B7DD03 /* CustomQRCodeSample.app */,
			);
			name = Products;
			sourceTree = "<group>";
		};
		3C7E5F7A27F2F88900B7DD03 /* CustomQRCodeSample */ = {
			isa = PBXGroup;
			children = (
				3C7E5F9427F2F90000B7DD03 /* QRCodeTool.h */,
				3C7E5F9527F2F90000B7DD03 /* QRCodeTool.m */,
				3C7E5F7B27F2F88900B7DD03 /* AppDelegate.h */,
				3C7E5F7C27F2F88900B7DD03 /* AppDelegate.m */,
				3C7E5F7E27F2F88900B7DD03 /* SceneDelegate.h */,
				3C7E5F7F27F2F88900B7DD03 /* SceneDelegate.m */,
				3C7E5F8127F2F88900B7DD03 /* ViewController.h */,
				3C7E5F8227F2F88900B7DD03 /* ViewController.m */,
				3C7E5F8427F2F88900B7DD03 /* Main.storyboard */,
				3C7E5F8727F2F88B00B7DD03 /* Assets.xcassets */,
				3C7E5F8927F2F88B00B7DD03 /* LaunchScreen.storyboard */,
				3C7E5F8C27F2F88B00B7DD03 /* Info.plist */,
				3C7E5F8D27F2F88B00B7DD03 /* main.m */,
			);
			path = CustomQRCodeSample;
			sourceTree = "<group>";
		};
/* End PBXGroup section */

/* Begin PBXNativeTarget section */
		3C7E5F7727F2F88900B7DD03 /* CustomQRCodeSample */ = {
			isa = PBXNativeTarget;
			buildConfigurationList = 3C7E5F9127F2F88B00B7DD03 /* Build configuration list for PBXNativeTarget "CustomQRCodeSample" */;
			buildPhases = (
				3C7E5F7427F2F88900B7DD03 /* Sources */,
				3C7E5F7527F2F88900B7DD03 /* Frameworks */,
				3C7E5F7627F2F88900B7DD03 /* Resources */,
			);
			buildRules = (
			);
			dependencies = (
			);
			name = CustomQRCodeSample;
			productName = CustomQRCodeSample;
			productReference = 3C7E5F7827F2F88900B7DD03 /* CustomQRCodeSample.app */;
			productType = "com.apple.product-type.application";
		};
/* End PBXNativeTarget section */

/* Begin PBXProject section */
		3C7E5F7027F2F88900B7DD03 /* Project object */ = {
			isa = PBXProject;
			attributes = {
				BuildIndependentTargetsInParallel = 1;
				LastUpgradeCheck = 1320;
				TargetAttributes = {
					3C7E5F7727F2F88900B7DD03 = {
						CreatedOnToolsVersion = 13.2.1;
					};
				};
			};
			buildConfigurationList = 3C7E5F7327F2F88900B7DD03 /* Build configuration list for PBXProject "CustomQRCodeSample" */;
			compatibilityVersion = "Xcode 13.0";
			developmentRegion = en;
			hasScannedForEncodings = 0;
			knownRegions = (
				en,
				Base,
			);
			mainGroup = 3C7E5F6F27F2F88900B7DD03;
			productRefGroup = 3C7E5F7927F2F88900B7DD03 /* Products */;
			projectDirPath = "";
			projectRoot = "";
			targets = (
				3C7E5F7727F2F88900B7DD03 /* CustomQRCodeSample */,
			);
		};
/* End PBXProject section */

/* Begin PBXResourcesBuildPhase section */
		3C7E5F7627F2F88900B7DD03 /* Resources */ = {
			isa = PBXResourcesBuildPhase;
			buildActionMask = 2147483647;
			files = (
				3C7E5F8B27F2F88B00B7DD03 /* LaunchScreen.storyboard in Resources */,
				3C7E5F8827F2F88B00B7DD03 /* Assets.xcassets in Resources */,
				3C7E5F8627F2F88900B7DD03 /* Main.storyboard in Resources */,
			);
			runOnlyForDeploymentPostprocessing = 0;
		};
/* End PBXResourcesBuildPhase section */

/* Begin PBXSourcesBuildPhase section */
		3C7E5F7427F2F88900B7DD03 /* Sources */ = {
			isa = PBXSourcesBuildPhase;
			buildActionMask = 2147483647;
			files = (
				3C7E5F8327F2F88900B7DD03 /* ViewController.m in Sources */,
				3C7E5F7D27F2F88900B7DD03 /* AppDelegate.m in Sources */,
				3C7E5F9627F2F90000B7DD03 /* QRCodeTool.m in Sources */,
				3C7E5F8E27F2F88B00B7DD03 /* main.m in Sources */,
				3C7E5F8027F2F88900B7DD03 /* SceneDelegate.m in Sources */,
			);
			runOnlyForDeploymentPostprocessing = 0;
		};
/* End PBXSourcesBuildPhase section */

/* Begin PBXVariantGroup section */
		3C7E5F8427F2F88900B7DD03 /* Main.storyboard */ = {
			isa = PBXVariantGroup;
			children = (
				3C7E5F8527F2F88900B7DD03 /* Base */,
			);
			name = Main.storyboard;
			sourceTree = "<group>";
		};
		3C7E5F8927F2F88B00B7DD03 /* LaunchScreen.storyboard */ = {
			isa = PBXVariantGroup;
			children = (
				3C7E5F8A27F2F88B00B7DD03 /* Base */,
			);
			name = LaunchScreen.storyboard;
			sourceTree = "<group>";
		};
/* End PBXVariantGroup section */

/* Begin XCBuildConfiguration section */
		3C7E5F8F27F2F88B00B7DD03 /* Debug */ = {
			isa = XCBuildConfiguration;
			buildSettings = {
				ALWAYS_SEARCH_USER_PATHS = NO;
				CLANG_ANALYZER_NONNULL = YES;
				CLANG_ANALYZER_NUMBER_OBJECT_CONVERSION = YES_AGGRESSIVE;
				CLANG_CXX_LANGUAGE_STANDARD = "gnu++17";
				CLANG_CXX_LIBRARY = "libc++";
				CLANG_ENABLE_MODULES = YES;
				CLANG_ENABLE_OBJC_ARC = YES;
				CLANG_ENABLE_OBJC_WEAK = YES;
				CLANG_WARN_BLOCK_CAPTURE_AUTORELEASING = YES;
				CLANG_WARN_BOOL_CONVERSION = YES;
				CLANG_WARN_COMMA = YES;
				CLANG_WARN_CONSTANT_CONVERSION = YES;
				CLANG_WARN_DEPRECATED_OBJC_IMPLEMENTATIONS = YES;
				CLANG_WARN_DIRECT_OBJC_ISA_USAGE = YES_ERROR;
				CLANG_WARN_DOCUMENTATION_COMMENTS = YES;
				CLANG_WARN_EMPTY_BODY = YES;
				CLANG_WARN_ENUM_CONVERSION = YES;
				CLANG_WARN_INFINITE_RECURSION = YES;
				CLANG_WARN_INT_CONVERSION = YES;
				CLANG_WARN_NON_LITERAL_NULL_CONVERSION = YES;
				CLANG_WARN_OBJC_IMPLICIT_RETAIN_SELF = YES;
				CLANG_WARN_OBJC_LITERAL_CONVERSION = YES;
				CLANG_WARN_OBJC_ROOT_CLASS = YES_ERROR;
				CLANG_WARN_QUOTED_INCLUDE_IN_FRAMEWORK_HEADER = YES;
				CLANG_WARN_RANGE_LOOP_ANALYSIS = YES;
				CLANG_WARN_STRICT_PROTOTYPES = YES;
				CLANG_WARN_SUSPICIOUS_MOVE = YES;
				CLANG_WARN_UNGUARDED_AVAILABILITY = YES_AGGRESSIVE;
				CLANG_WARN_UNREACHABLE_CODE = YES;
				CLANG_WARN__DUPLICATE_METHOD_MATCH = YES;
				COPY_PHASE_STRIP = NO;
				DEBUG_INFORMATION_FORMAT = dwarf;
				ENABLE_STRICT_OBJC_MSGSEND = YES;
				ENABLE_TESTABILITY = YES;
				GCC_C_LANGUAGE_STANDARD = gnu11;
				GCC_DYNAMIC_NO_PIC = NO;
				GCC_NO_COMMON_BLOCKS = YES;
				GCC_OPTIMIZATION_LEVEL = 0;
				GCC_PREPROCESSOR_DEFINITIONS = (
					"DEBUG=1",
					"$(inherited)",
				);
				GCC_WARN_64_TO_32_BIT_CONVERSION = YES;
				GCC_WARN_ABOUT_RETURN_TYPE = YES_ERROR;
				GCC_WARN_UNDECLARED_SELECTOR = YES;
				GCC_WARN_UNINITIALIZED_AUTOS = YES_AGGRESSIVE;
				GCC_WARN_UNUSED_FUNCTION = YES;
				GCC_WARN_UNUSED_VARIABLE = YES;
				IPHONEOS_DEPLOYMENT_TARGET = 15.2;
				MTL_ENABLE_DEBUG_INFO = INCLUDE_SOURCE;
				MTL_FAST_MATH = YES;
				ONLY_ACTIVE_ARCH = YES;
				SDKROOT = iphoneos;
			};
			name = Debug;
		};
		3C7E5F9027F2F88B00B7DD03 /* Release */ = {
			isa = XCBuildConfiguration;
			buildSettings = {
				ALWAYS_SEARCH_USER_PATHS = NO;
				CLANG_ANALYZER_NONNULL = YES;
				CLANG_ANALYZER_NUMBER_OBJECT_CONVERSION = YES_AGGRESSIVE;
				CLANG_CXX_LANGUAGE_STANDARD = "gnu++17";
				CLANG_CXX_LIBRARY = "libc++";
				CLANG_ENABLE_MODULES = YES;
				CLANG_ENABLE_OBJC_ARC = YES;
				CLANG_ENABLE_OBJC_WEAK = YES;
				CLANG_WARN_BLOCK_CAPTURE_AUTORELEASING = YES;
				CLANG_WARN_BOOL_CONVERSION = YES;
				CLANG_WARN_COMMA = YES;
				CLANG_WARN_CONSTANT_CONVERSION = YES;
				CLANG_WARN_DEPRECATED_OBJC_IMPLEMENTATIONS = YES;
				CLANG_WARN_DIRECT_OBJC_ISA_USAGE = YES_ERROR;
				CLANG_WARN_DOCUMENTATION_COMMENTS = YES;
				CLANG_WARN_EMPTY_BODY = YES;
				CLANG_WARN_ENUM_CONVERSION = YES;
				CLANG_WARN_INFINITE_RECURSION = YES;
				CLANG_WARN_INT_CONVERSION = YES;
				CLANG_WARN_NON_LITERAL_NULL_CONVERSION = YES;
				CLANG_WARN_OBJC_IMPLICIT_RETAIN_SELF = YES;
				CLANG_WARN_OBJC_LITERAL_CONVERSION = YES;
				CLANG_WARN_OBJC_ROOT_CLASS = YES_ERROR;
				CLANG_WARN_QUOTED_INCLUDE_IN_FRAMEWORK_HEADER = YES;
				CLANG_WARN_RANGE_LOOP_ANALYSIS = YES;
				CLANG_WARN_STRICT_PROTOTYPES = YES;
				CLANG_WARN_SUSPICIOUS_MOVE = YES;
				CLANG_WARN_UNGUARDED_AVAILABILITY = YES_AGGRESSIVE;
				CLANG_WARN_UNREACHABLE_CODE = YES;
				CLANG_WARN__DUPLICATE_METHOD_MATCH = YES;
				COPY_PHASE_STRIP = NO;
				DEBUG_INFORMATION_FORMAT = "dwarf-with-dsym";
				ENABLE_NS_ASSERTIONS = NO;
				ENABLE_STRICT_OBJC_MSGSEND = YES;
				GCC_C_LANGUAGE_STANDARD = gnu11;
				GCC_NO_COMMON_BLOCKS = YES;
				GCC_WARN_64_TO_32_BIT_CONVERSION = YES;
				GCC_WARN_ABOUT_RETURN_TYPE = YES_ERROR;
				GCC_WARN_UNDECLARED_SELECTOR = YES;
				GCC_WARN_UNINITIALIZED_AUTOS = YES_AGGRESSIVE;
				GCC_WARN_UNUSED_FUNCTION = YES;
				GCC_WARN_UNUSED_VARIABLE = YES;
				IPHONEOS_DEPLOYMENT_TARGET = 15.2;
				MTL_ENABLE_DEBUG_INFO = NO;
				MTL_FAST_MATH = YES;
				SDKROOT = iphoneos;
				VALIDATE_PRODUCT = YES;
			};
			name = Release;
		};
		3C7E5F9227F2F88B00B7DD03 /* Debug */ = {
			isa = XCBuildConfiguration;
			buildSettings = {
				ASSETCATALOG_COMPILER_APPICON_NAME = AppIcon;
				ASSETCATALOG_COMPILER_GLOBAL_ACCENT_COLOR_NAME = AccentColor;
				CODE_SIGN_IDENTITY = "iPhone Developer";
				CODE_SIGN_STYLE = Manual;
				CURRENT_PROJECT_VERSION = 1;
				DEVELOPMENT_TEAM = 492U995837;
				GENERATE_INFOPLIST_FILE = YES;
				INFOPLIST_FILE = CustomQRCodeSample/Info.plist;
				INFOPLIST_KEY_UIApplicationSupportsIndirectInputEvents = YES;
				INFOPLIST_KEY_UILaunchStoryboardName = LaunchScreen;
				INFOPLIST_KEY_UIMainStoryboardFile = Main;
				INFOPLIST_KEY_UISupportedInterfaceOrientations = UIInterfaceOrientationPortrait;
				INFOPLIST_KEY_UISupportedInterfaceOrientations_iPad = "UIInterfaceOrientationPortrait UIInterfaceOrientationPortraitUpsideDown UIInterfaceOrientationLandscapeLeft UIInterfaceOrientationLandscapeRight";
				INFOPLIST_KEY_UISupportedInterfaceOrientations_iPhone = "UIInterfaceOrientationPortrait UIInterfaceOrientationLandscapeLeft UIInterfaceOrientationLandscapeRight";
				IPHONEOS_DEPLOYMENT_TARGET = 13.0;
				LD_RUNPATH_SEARCH_PATHS = (
					"$(inherited)",
					"@executable_path/Frameworks",
				);
				MARKETING_VERSION = 1.0;
				PRODUCT_BUNDLE_IDENTIFIER = com.taihe.CustomQRCodeSample;
				PRODUCT_NAME = "$(TARGET_NAME)";
				PROVISIONING_PROFILE_SPECIFIER = "match Development com.taihe.*";
				SWIFT_EMIT_LOC_STRINGS = YES;
				TARGETED_DEVICE_FAMILY = 1;
			};
			name = Debug;
		};
		3C7E5F9327F2F88B00B7DD03 /* Release */ = {
			isa = XCBuildConfiguration;
			buildSettings = {
				ASSETCATALOG_COMPILER_APPICON_NAME = AppIcon;
				ASSETCATALOG_COMPILER_GLOBAL_ACCENT_COLOR_NAME = AccentColor;
				CODE_SIGN_IDENTITY = "iPhone Developer";
				CODE_SIGN_STYLE = Manual;
				CURRENT_PROJECT_VERSION = 1;
				DEVELOPMENT_TEAM = 492U995837;
				GENERATE_INFOPLIST_FILE = YES;
				INFOPLIST_FILE = CustomQRCodeSample/Info.plist;
				INFOPLIST_KEY_UIApplicationSupportsIndirectInputEvents = YES;
				INFOPLIST_KEY_UILaunchStoryboardName = LaunchScreen;
				INFOPLIST_KEY_UIMainStoryboardFile = Main;
				INFOPLIST_KEY_UISupportedInterfaceOrientations = UIInterfaceOrientationPortrait;
				INFOPLIST_KEY_UISupportedInterfaceOrientations_iPad = "UIInterfaceOrientationPortrait UIInterfaceOrientationPortraitUpsideDown UIInterfaceOrientationLandscapeLeft UIInterfaceOrientationLandscapeRight";
				INFOPLIST_KEY_UISupportedInterfaceOrientations_iPhone = "UIInterfaceOrientationPortrait UIInterfaceOrientationLandscapeLeft UIInterfaceOrientationLandscapeRight";
				IPHONEOS_DEPLOYMENT_TARGET = 13.0;
				LD_RUNPATH_SEARCH_PATHS = (
					"$(inherited)",
					"@executable_path/Frameworks",
				);
				MARKETING_VERSION = 1.0;
				PRODUCT_BUNDLE_IDENTIFIER = com.taihe.CustomQRCodeSample;
				PRODUCT_NAME = "$(TARGET_NAME)";
				PROVISIONING_PROFILE_SPECIFIER = "match Development com.taihe.*";
				SWIFT_EMIT_LOC_STRINGS = YES;
				TARGETED_DEVICE_FAMILY = 1;
			};
			name = Release;
		};
/* End XCBuildConfiguration section */

/* Begin XCConfigurationList section */
		3C7E5F7327F2F88900B7DD03 /* Build configuration list for PBXProject "CustomQRCodeSample" */ = {
			isa = XCConfigurationList;
			buildConfigurations = (
				3C7E5F8F27F2F88B00B7DD03 /* Debug */,
				3C7E5F9027F2F88B00B7DD03 /* Release */,
			);
			defaultConfigurationIsVisible = 0;
			defaultConfigurationName = Release;
		};
		3C7E5F9127F2F88B00B7DD03 /* Build configuration list for PBXNativeTarget "CustomQRCodeSample" */ = {
			isa = XCConfigurationList;
			buildConfigurations = (
				3C7E5F9227F2F88B00B7DD03 /* Debug */,
				3C7E5F9327F2F88B00B7DD03 /* Release */,
			);
			defaultConfigurationIsVisible = 0;
			defaultConfigurationName = Release;
		};
/* End XCConfigurationList section */
	};
	rootObject = 3C7E5F7027F2F88900B7DD03 /* Project object */;
}
